
Microsoft Visual Studio Solution File, Format Version 12.00
# Visual Studio Version 17
VisualStudioVersion = 17.4.33213.308
MinimumVisualStudioVersion = 10.0.40219.1
Project("{9A19103F-16F7-4668-BE54-9A1E7A4F7556}") = "Admin", "Admin.csproj", "{515D1AAF-74F9-40E4-90CC-3E43A24BB915}"
EndProject
Global
	GlobalSection(SolutionConfigurationPlatforms) = preSolution
		Debug|Any CPU = Debug|Any CPU
		Release|Any CPU = Release|Any CPU
	EndGlobalSection
	GlobalSection(ProjectConfigurationPlatforms) = postSolution
		{515D1AAF-74F9-40E4-90CC-3E43A24BB915}.Debug|Any CPU.ActiveCfg = Debug|Any CPU
		{515D1AAF-74F9-40E4-90CC-3E43A24BB915}.Debug|Any CPU.Build.0 = Debug|Any CPU
		{515D1AAF-74F9-40E4-90CC-3E43A24BB915}.Release|Any CPU.ActiveCfg = Release|Any CPU
		{515D1AAF-74F9-40E4-90CC-3E43A24BB915}.Release|Any CPU.Build.0 = Release|Any CPU
	EndGlobalSection
	GlobalSection(SolutionProperties) = preSolution
		HideSolutionNode = FALSE
	EndGlobalSection
	GlobalSection(ExtensibilityGlobals) = postSolution
		SolutionGuid = {7B4DC677-029B-4A01-AF6D-8AE336060ECC}
	EndGlobalSection
EndGlobal
